// !$*UTF8*$!
{
	archiveVersion = 1;
	classes = {
	};
	objectVersion = 46;
	objects = {

/* Begin PBXBuildFile section */
		9CAD553D1EDC65F5002F7298 /* CustomViewController.swift in Sources */ = {isa = PBXBuildFile; fileRef = 9CAD553C1EDC65F5002F7298 /* CustomViewController.swift */; };
		9CAD553F1EDC6EBD002F7298 /* EsqueciASenhaViewController.swift in Sources */ = {isa = PBXBuildFile; fileRef = 9CAD553E1EDC6EBD002F7298 /* EsqueciASenhaViewController.swift */; };
		9CAD55441EDC9CC9002F7298 /* EsqueciASenha.swift in Sources */ = {isa = PBXBuildFile; fileRef = 9CAD55431EDC9CC9002F7298 /* EsqueciASenha.swift */; };
		9CAD55461EDC9CF8002F7298 /* EsqueciASenhaViewController01.swift in Sources */ = {isa = PBXBuildFile; fileRef = 9CAD55451EDC9CF8002F7298 /* EsqueciASenhaViewController01.swift */; };
		9CDCC1BE1EF840ED00B04C38 /* NovoCadastroViewController.swift in Sources */ = {isa = PBXBuildFile; fileRef = 9CDCC1BD1EF840ED00B04C38 /* NovoCadastroViewController.swift */; };
		A8CA5A8FD1DFC95BEAE0A352 /* Pods_e190.framework in Frameworks */ = {isa = PBXBuildFile; fileRef = 48C911AE9A6E9D093CDAABCE /* Pods_e190.framework */; };
		CE1539A21ECE2BF2006DB75B /* Usuario.swift in Sources */ = {isa = PBXBuildFile; fileRef = CE1539A11ECE2BF2006DB75B /* Usuario.swift */; };
		CE3ECF9E1EC4B62700FB48AB /* Assets.xcassets in Resources */ = {isa = PBXBuildFile; fileRef = CE3ECF9D1EC4B62700FB48AB /* Assets.xcassets */; };
		CE6963941EC39149007C744E /* customImageView.swift in Sources */ = {isa = PBXBuildFile; fileRef = CE6963931EC39149007C744E /* customImageView.swift */; };
		CE86D8D91ECA479800C4BBF5 /* ApiLogin.swift in Sources */ = {isa = PBXBuildFile; fileRef = CE86D8D81ECA479800C4BBF5 /* ApiLogin.swift */; };
		CE86D8DB1ECA4C0E00C4BBF5 /* ProgressIndicator.swift in Sources */ = {isa = PBXBuildFile; fileRef = CE86D8DA1ECA4C0E00C4BBF5 /* ProgressIndicator.swift */; };
		CE86D8DF1ECB80D700C4BBF5 /* MainViewController.swift in Sources */ = {isa = PBXBuildFile; fileRef = CE86D8DE1ECB80D700C4BBF5 /* MainViewController.swift */; };
		CEA3E9FD1EC2545900778318 /* SideMenuTableView.swift in Sources */ = {isa = PBXBuildFile; fileRef = CEA3E9FC1EC2545900778318 /* SideMenuTableView.swift */; };
		CECC120C1EC0A95100BC2556 /* AppDelegate.swift in Sources */ = {isa = PBXBuildFile; fileRef = CECC120B1EC0A95100BC2556 /* AppDelegate.swift */; };
		CECC12111EC0A95100BC2556 /* Main.storyboard in Resources */ = {isa = PBXBuildFile; fileRef = CECC120F1EC0A95100BC2556 /* Main.storyboard */; };
		CECC12161EC0A95100BC2556 /* LaunchScreen.storyboard in Resources */ = {isa = PBXBuildFile; fileRef = CECC12141EC0A95100BC2556 /* LaunchScreen.storyboard */; };
		CEDF6FAD1EC5FF4400881752 /* RoundedButton.swift in Sources */ = {isa = PBXBuildFile; fileRef = CEDF6FAC1EC5FF4400881752 /* RoundedButton.swift */; };
		CEDF6FAF1EC6519400881752 /* loginViewController.swift in Sources */ = {isa = PBXBuildFile; fileRef = CEDF6FAE1EC6519400881752 /* loginViewController.swift */; };
/* End PBXBuildFile section */

/* Begin PBXFileReference section */
		2E70F6ADB0C06A04E81A0B40 /* Pods-e190.release.xcconfig */ = {isa = PBXFileReference; includeInIndex = 1; lastKnownFileType = text.xcconfig; name = "Pods-e190.release.xcconfig"; path = "Pods/Target Support Files/Pods-e190/Pods-e190.release.xcconfig"; sourceTree = "<group>"; };
		48C911AE9A6E9D093CDAABCE /* Pods_e190.framework */ = {isa = PBXFileReference; explicitFileType = wrapper.framework; includeInIndex = 0; path = Pods_e190.framework; sourceTree = BUILT_PRODUCTS_DIR; };
		9CAD553C1EDC65F5002F7298 /* CustomViewController.swift */ = {isa = PBXFileReference; fileEncoding = 4; lastKnownFileType = sourcecode.swift; name = CustomViewController.swift; path = Comum/CustomViewController.swift; sourceTree = "<group>"; };
		9CAD553E1EDC6EBD002F7298 /* EsqueciASenhaViewController.swift */ = {isa = PBXFileReference; fileEncoding = 4; lastKnownFileType = sourcecode.swift; name = EsqueciASenhaViewController.swift; path = Screens/EsqueciASenha/EsqueciASenhaViewController.swift; sourceTree = "<group>"; };
		9CAD55431EDC9CC9002F7298 /* EsqueciASenha.swift */ = {isa = PBXFileReference; fileEncoding = 4; lastKnownFileType = sourcecode.swift; name = EsqueciASenha.swift; path = Screens/EsqueciASenha/Model/EsqueciASenha.swift; sourceTree = "<group>"; };
		9CAD55451EDC9CF8002F7298 /* EsqueciASenhaViewController01.swift */ = {isa = PBXFileReference; fileEncoding = 4; lastKnownFileType = sourcecode.swift; name = EsqueciASenhaViewController01.swift; path = Screens/EsqueciASenha/EsqueciASenhaViewController01.swift; sourceTree = "<group>"; };
		9CDCC1BD1EF840ED00B04C38 /* NovoCadastroViewController.swift */ = {isa = PBXFileReference; fileEncoding = 4; lastKnownFileType = sourcecode.swift; name = NovoCadastroViewController.swift; path = Screens/NovoCadastro/NovoCadastroViewController.swift; sourceTree = "<group>"; };
		CE1539A11ECE2BF2006DB75B /* Usuario.swift */ = {isa = PBXFileReference; fileEncoding = 4; lastKnownFileType = sourcecode.swift; name = Usuario.swift; path = Entidades/Usuario.swift; sourceTree = "<group>"; };
		CE3ECF9D1EC4B62700FB48AB /* Assets.xcassets */ = {isa = PBXFileReference; lastKnownFileType = folder.assetcatalog; path = Assets.xcassets; sourceTree = "<group>"; };
		CE6963931EC39149007C744E /* customImageView.swift */ = {isa = PBXFileReference; fileEncoding = 4; lastKnownFileType = sourcecode.swift; name = customImageView.swift; path = Comum/customImageView.swift; sourceTree = "<group>"; };
		CE86D8D81ECA479800C4BBF5 /* ApiLogin.swift */ = {isa = PBXFileReference; fileEncoding = 4; lastKnownFileType = sourcecode.swift; name = ApiLogin.swift; path = Network/ApiLogin.swift; sourceTree = "<group>"; };
		CE86D8DA1ECA4C0E00C4BBF5 /* ProgressIndicator.swift */ = {isa = PBXFileReference; fileEncoding = 4; lastKnownFileType = sourcecode.swift; name = ProgressIndicator.swift; path = Comum/ProgressIndicator.swift; sourceTree = "<group>"; };
		CE86D8DE1ECB80D700C4BBF5 /* MainViewController.swift */ = {isa = PBXFileReference; fileEncoding = 4; lastKnownFileType = sourcecode.swift; name = MainViewController.swift; path = Screens/Main/MainViewController.swift; sourceTree = "<group>"; };
		CEA3E9FC1EC2545900778318 /* SideMenuTableView.swift */ = {isa = PBXFileReference; fileEncoding = 4; lastKnownFileType = sourcecode.swift; name = SideMenuTableView.swift; path = Screens/Menu/SideMenuTableView.swift; sourceTree = "<group>"; };
		CECC12081EC0A95100BC2556 /* e190.app */ = {isa = PBXFileReference; explicitFileType = wrapper.application; includeInIndex = 0; path = e190.app; sourceTree = BUILT_PRODUCTS_DIR; };
		CECC120B1EC0A95100BC2556 /* AppDelegate.swift */ = {isa = PBXFileReference; lastKnownFileType = sourcecode.swift; path = AppDelegate.swift; sourceTree = "<group>"; };
		CECC12101EC0A95100BC2556 /* Base */ = {isa = PBXFileReference; lastKnownFileType = file.storyboard; name = Base; path = Base.lproj/Main.storyboard; sourceTree = "<group>"; };
		CECC12151EC0A95100BC2556 /* Base */ = {isa = PBXFileReference; lastKnownFileType = file.storyboard; name = Base; path = Base.lproj/LaunchScreen.storyboard; sourceTree = "<group>"; };
		CECC12171EC0A95100BC2556 /* Info.plist */ = {isa = PBXFileReference; lastKnownFileType = text.plist.xml; path = Info.plist; sourceTree = "<group>"; };
		CEDF6FAC1EC5FF4400881752 /* RoundedButton.swift */ = {isa = PBXFileReference; fileEncoding = 4; lastKnownFileType = sourcecode.swift; name = RoundedButton.swift; path = Comum/RoundedButton.swift; sourceTree = "<group>"; };
		CEDF6FAE1EC6519400881752 /* loginViewController.swift */ = {isa = PBXFileReference; fileEncoding = 4; lastKnownFileType = sourcecode.swift; name = loginViewController.swift; path = Screens/Login/loginViewController.swift; sourceTree = "<group>"; };
		DE42778C8B306481AE7A4272 /* Pods-e190.debug.xcconfig */ = {isa = PBXFileReference; includeInIndex = 1; lastKnownFileType = text.xcconfig; name = "Pods-e190.debug.xcconfig"; path = "Pods/Target Support Files/Pods-e190/Pods-e190.debug.xcconfig"; sourceTree = "<group>"; };
/* End PBXFileReference section */

/* Begin PBXFrameworksBuildPhase section */
		CECC12051EC0A95100BC2556 /* Frameworks */ = {
			isa = PBXFrameworksBuildPhase;
			buildActionMask = 2147483647;
			files = (
				A8CA5A8FD1DFC95BEAE0A352 /* Pods_e190.framework in Frameworks */,
			);
			runOnlyForDeploymentPostprocessing = 0;
		};
/* End PBXFrameworksBuildPhase section */

/* Begin PBXGroup section */
		05FD56109EF6C0CFFE96E123 /* Frameworks */ = {
			isa = PBXGroup;
			children = (
				48C911AE9A6E9D093CDAABCE /* Pods_e190.framework */,
			);
			name = Frameworks;
			sourceTree = "<group>";
		};
		9CAD55421EDC9C90002F7298 /* Model */ = {
			isa = PBXGroup;
			children = (
				9CAD55431EDC9CC9002F7298 /* EsqueciASenha.swift */,
			);
			name = Model;
			sourceTree = "<group>";
		};
		9CDCC1BC1EF840AF00B04C38 /* NovoUsuario */ = {
			isa = PBXGroup;
			children = (
				9CDCC1BD1EF840ED00B04C38 /* NovoCadastroViewController.swift */,
			);
			name = NovoUsuario;
			sourceTree = "<group>";
		};
		C2624BB8E4728A611E2C40FF /* Pods */ = {
			isa = PBXGroup;
			children = (
				DE42778C8B306481AE7A4272 /* Pods-e190.debug.xcconfig */,
				2E70F6ADB0C06A04E81A0B40 /* Pods-e190.release.xcconfig */,
			);
			name = Pods;
			sourceTree = "<group>";
		};
		CE1539A51ECF2CFC006DB75B /* EsqueciASenha */ = {
			isa = PBXGroup;
			children = (
				9CAD55421EDC9C90002F7298 /* Model */,
				9CAD55451EDC9CF8002F7298 /* EsqueciASenhaViewController01.swift */,
				9CAD553E1EDC6EBD002F7298 /* EsqueciASenhaViewController.swift */,
			);
			name = EsqueciASenha;
			sourceTree = "<group>";
		};
		CE3ECF9C1EC49A9C00FB48AB /* StoryBoards */ = {
			isa = PBXGroup;
			children = (
				CECC120F1EC0A95100BC2556 /* Main.storyboard */,
				CECC12141EC0A95100BC2556 /* LaunchScreen.storyboard */,
			);
			name = StoryBoards;
			sourceTree = "<group>";
		};
		CE6963921EC39065007C744E /* Comum */ = {
			isa = PBXGroup;
			children = (
				CE6963931EC39149007C744E /* customImageView.swift */,
				CEDF6FAC1EC5FF4400881752 /* RoundedButton.swift */,
				CE86D8DA1ECA4C0E00C4BBF5 /* ProgressIndicator.swift */,
				9CAD553C1EDC65F5002F7298 /* CustomViewController.swift */,
			);
			name = Comum;
			sourceTree = "<group>";
		};
		CEA3E9F11EC0B81B00778318 /* Screens */ = {
			isa = PBXGroup;
			children = (
				9CDCC1BC1EF840AF00B04C38 /* NovoUsuario */,
				CE1539A51ECF2CFC006DB75B /* EsqueciASenha */,
				CEDF6FB01EC654B300881752 /* Main */,
				CEA3E9F41EC0F10800778318 /* Menu */,
				CEA3E9F31EC0B84500778318 /* login */,
			);
			name = Screens;
			sourceTree = "<group>";
		};
		CEA3E9F21EC0B82D00778318 /* Network */ = {
			isa = PBXGroup;
			children = (
				CE86D8D81ECA479800C4BBF5 /* ApiLogin.swift */,
			);
			name = Network;
			sourceTree = "<group>";
		};
		CEA3E9F31EC0B84500778318 /* login */ = {
			isa = PBXGroup;
			children = (
				CEDF6FAE1EC6519400881752 /* loginViewController.swift */,
				CE1539A11ECE2BF2006DB75B /* Usuario.swift */,
			);
			name = login;
			sourceTree = "<group>";
		};
		CEA3E9F41EC0F10800778318 /* Menu */ = {
			isa = PBXGroup;
			children = (
				CEA3E9FC1EC2545900778318 /* SideMenuTableView.swift */,
			);
			name = Menu;
			sourceTree = "<group>";
		};
		CECC11FF1EC0A95100BC2556 = {
			isa = PBXGroup;
			children = (
				CECC120A1EC0A95100BC2556 /* e190 */,
				CECC12091EC0A95100BC2556 /* Products */,
				C2624BB8E4728A611E2C40FF /* Pods */,
				05FD56109EF6C0CFFE96E123 /* Frameworks */,
			);
			sourceTree = "<group>";
		};
		CECC12091EC0A95100BC2556 /* Products */ = {
			isa = PBXGroup;
			children = (
				CECC12081EC0A95100BC2556 /* e190.app */,
			);
			name = Products;
			sourceTree = "<group>";
		};
		CECC120A1EC0A95100BC2556 /* e190 */ = {
			isa = PBXGroup;
			children = (
				CE6963921EC39065007C744E /* Comum */,
				CEA3E9F21EC0B82D00778318 /* Network */,
				CEA3E9F11EC0B81B00778318 /* Screens */,
				CE3ECF9C1EC49A9C00FB48AB /* StoryBoards */,
				CECC120B1EC0A95100BC2556 /* AppDelegate.swift */,
				CE3ECF9D1EC4B62700FB48AB /* Assets.xcassets */,
				CECC12171EC0A95100BC2556 /* Info.plist */,
			);
			path = e190;
			sourceTree = "<group>";
		};
		CEDF6FB01EC654B300881752 /* Main */ = {
			isa = PBXGroup;
			children = (
				CE86D8DE1ECB80D700C4BBF5 /* MainViewController.swift */,
			);
			name = Main;
			sourceTree = "<group>";
		};
/* End PBXGroup section */

/* Begin PBXNativeTarget section */
		CECC12071EC0A95100BC2556 /* e190 */ = {
			isa = PBXNativeTarget;
			buildConfigurationList = CECC121A1EC0A95100BC2556 /* Build configuration list for PBXNativeTarget "e190" */;
			buildPhases = (
				EC6AF1D7D664F6C585963E7A /* [CP] Check Pods Manifest.lock */,
				CECC12041EC0A95100BC2556 /* Sources */,
				CECC12051EC0A95100BC2556 /* Frameworks */,
				CECC12061EC0A95100BC2556 /* Resources */,
				79C2B87B609F7BFF91FD09A9 /* [CP] Embed Pods Frameworks */,
				B14CA7932CC375F9D4469758 /* [CP] Copy Pods Resources */,
			);
			buildRules = (
			);
			dependencies = (
			);
			name = e190;
			productName = e190;
			productReference = CECC12081EC0A95100BC2556 /* e190.app */;
			productType = "com.apple.product-type.application";
		};
/* End PBXNativeTarget section */

/* Begin PBXProject section */
		CECC12001EC0A95100BC2556 /* Project object */ = {
			isa = PBXProject;
			attributes = {
				LastSwiftUpdateCheck = 0830;
				LastUpgradeCheck = 0830;
				ORGANIZATIONNAME = GNTEC;
				TargetAttributes = {
					CECC12071EC0A95100BC2556 = {
						CreatedOnToolsVersion = 8.3.2;
						DevelopmentTeam = LK6M6GLJ39;
						LastSwiftMigration = 0830;
						ProvisioningStyle = Automatic;
					};
				};
			};
			buildConfigurationList = CECC12031EC0A95100BC2556 /* Build configuration list for PBXProject "e190" */;
			compatibilityVersion = "Xcode 3.2";
			developmentRegion = English;
			hasScannedForEncodings = 0;
			knownRegions = (
				en,
				Base,
			);
			mainGroup = CECC11FF1EC0A95100BC2556;
			productRefGroup = CECC12091EC0A95100BC2556 /* Products */;
			projectDirPath = "";
			projectRoot = "";
			targets = (
				CECC12071EC0A95100BC2556 /* e190 */,
			);
		};
/* End PBXProject section */

/* Begin PBXResourcesBuildPhase section */
		CECC12061EC0A95100BC2556 /* Resources */ = {
			isa = PBXResourcesBuildPhase;
			buildActionMask = 2147483647;
			files = (
				CECC12161EC0A95100BC2556 /* LaunchScreen.storyboard in Resources */,
				CE3ECF9E1EC4B62700FB48AB /* Assets.xcassets in Resources */,
				CECC12111EC0A95100BC2556 /* Main.storyboard in Resources */,
			);
			runOnlyForDeploymentPostprocessing = 0;
		};
/* End PBXResourcesBuildPhase section */

/* Begin PBXShellScriptBuildPhase section */
		79C2B87B609F7BFF91FD09A9 /* [CP] Embed Pods Frameworks */ = {
			isa = PBXShellScriptBuildPhase;
			buildActionMask = 2147483647;
			files = (
			);
			inputPaths = (
			);
			name = "[CP] Embed Pods Frameworks";
			outputPaths = (
			);
			runOnlyForDeploymentPostprocessing = 0;
			shellPath = /bin/sh;
			shellScript = "\"${SRCROOT}/Pods/Target Support Files/Pods-e190/Pods-e190-frameworks.sh\"\n";
			showEnvVarsInLog = 0;
		};
		B14CA7932CC375F9D4469758 /* [CP] Copy Pods Resources */ = {
			isa = PBXShellScriptBuildPhase;
			buildActionMask = 2147483647;
			files = (
			);
			inputPaths = (
			);
			name = "[CP] Copy Pods Resources";
			outputPaths = (
			);
			runOnlyForDeploymentPostprocessing = 0;
			shellPath = /bin/sh;
			shellScript = "\"${SRCROOT}/Pods/Target Support Files/Pods-e190/Pods-e190-resources.sh\"\n";
			showEnvVarsInLog = 0;
		};
		EC6AF1D7D664F6C585963E7A /* [CP] Check Pods Manifest.lock */ = {
			isa = PBXShellScriptBuildPhase;
			buildActionMask = 2147483647;
			files = (
			);
			inputPaths = (
			);
			name = "[CP] Check Pods Manifest.lock";
			outputPaths = (
			);
			runOnlyForDeploymentPostprocessing = 0;
			shellPath = /bin/sh;
			shellScript = "diff \"${PODS_ROOT}/../Podfile.lock\" \"${PODS_ROOT}/Manifest.lock\" > /dev/null\nif [ $? != 0 ] ; then\n    # print error to STDERR\n    echo \"error: The sandbox is not in sync with the Podfile.lock. Run 'pod install' or update your CocoaPods installation.\" >&2\n    exit 1\nfi\n";
			showEnvVarsInLog = 0;
		};
/* End PBXShellScriptBuildPhase section */

/* Begin PBXSourcesBuildPhase section */
		CECC12041EC0A95100BC2556 /* Sources */ = {
			isa = PBXSourcesBuildPhase;
			buildActionMask = 2147483647;
			files = (
				9CAD553F1EDC6EBD002F7298 /* EsqueciASenhaViewController.swift in Sources */,
				CEDF6FAD1EC5FF4400881752 /* RoundedButton.swift in Sources */,
				9CDCC1BE1EF840ED00B04C38 /* NovoCadastroViewController.swift in Sources */,
				CEDF6FAF1EC6519400881752 /* loginViewController.swift in Sources */,
				9CAD55441EDC9CC9002F7298 /* EsqueciASenha.swift in Sources */,
				CE6963941EC39149007C744E /* customImageView.swift in Sources */,
				9CAD55461EDC9CF8002F7298 /* EsqueciASenhaViewController01.swift in Sources */,
				CE86D8DB1ECA4C0E00C4BBF5 /* ProgressIndicator.swift in Sources */,
				CE86D8D91ECA479800C4BBF5 /* ApiLogin.swift in Sources */,
				CE1539A21ECE2BF2006DB75B /* Usuario.swift in Sources */,
				9CAD553D1EDC65F5002F7298 /* CustomViewController.swift in Sources */,
				CECC120C1EC0A95100BC2556 /* AppDelegate.swift in Sources */,
				CEA3E9FD1EC2545900778318 /* SideMenuTableView.swift in Sources */,
				CE86D8DF1ECB80D700C4BBF5 /* MainViewController.swift in Sources */,
			);
			runOnlyForDeploymentPostprocessing = 0;
		};
/* End PBXSourcesBuildPhase section */

/* Begin PBXVariantGroup section */
		CECC120F1EC0A95100BC2556 /* Main.storyboard */ = {
			isa = PBXVariantGroup;
			children = (
				CECC12101EC0A95100BC2556 /* Base */,
			);
			name = Main.storyboard;
			sourceTree = "<group>";
		};
		CECC12141EC0A95100BC2556 /* LaunchScreen.storyboard */ = {
			isa = PBXVariantGroup;
			children = (
				CECC12151EC0A95100BC2556 /* Base */,
			);
			name = LaunchScreen.storyboard;
			sourceTree = "<group>";
		};
/* End PBXVariantGroup section */

/* Begin XCBuildConfiguration section */
		CECC12181EC0A95100BC2556 /* Debug */ = {
			isa = XCBuildConfiguration;
			buildSettings = {
				ALWAYS_SEARCH_USER_PATHS = NO;
				CLANG_ANALYZER_NONNULL = YES;
				CLANG_ANALYZER_NUMBER_OBJECT_CONVERSION = YES_AGGRESSIVE;
				CLANG_CXX_LANGUAGE_STANDARD = "gnu++0x";
				CLANG_CXX_LIBRARY = "libc++";
				CLANG_ENABLE_MODULES = YES;
				CLANG_ENABLE_OBJC_ARC = YES;
				CLANG_WARN_BOOL_CONVERSION = YES;
				CLANG_WARN_CONSTANT_CONVERSION = YES;
				CLANG_WARN_DIRECT_OBJC_ISA_USAGE = YES_ERROR;
				CLANG_WARN_DOCUMENTATION_COMMENTS = YES;
				CLANG_WARN_EMPTY_BODY = YES;
				CLANG_WARN_ENUM_CONVERSION = YES;
				CLANG_WARN_INFINITE_RECURSION = YES;
				CLANG_WARN_INT_CONVERSION = YES;
				CLANG_WARN_OBJC_ROOT_CLASS = YES_ERROR;
				CLANG_WARN_SUSPICIOUS_MOVE = YES;
				CLANG_WARN_UNREACHABLE_CODE = YES;
				CLANG_WARN__DUPLICATE_METHOD_MATCH = YES;
				"CODE_SIGN_IDENTITY[sdk=iphoneos*]" = "iPhone Developer";
				COPY_PHASE_STRIP = NO;
				DEBUG_INFORMATION_FORMAT = dwarf;
				ENABLE_STRICT_OBJC_MSGSEND = YES;
				ENABLE_TESTABILITY = YES;
				GCC_C_LANGUAGE_STANDARD = gnu99;
				GCC_DYNAMIC_NO_PIC = NO;
				GCC_NO_COMMON_BLOCKS = YES;
				GCC_OPTIMIZATION_LEVEL = 0;
				GCC_PREPROCESSOR_DEFINITIONS = (
					"DEBUG=1",
					"$(inherited)",
				);
				GCC_WARN_64_TO_32_BIT_CONVERSION = YES;
				GCC_WARN_ABOUT_RETURN_TYPE = YES_ERROR;
				GCC_WARN_UNDECLARED_SELECTOR = YES;
				GCC_WARN_UNINITIALIZED_AUTOS = YES_AGGRESSIVE;
				GCC_WARN_UNUSED_FUNCTION = YES;
				GCC_WARN_UNUSED_VARIABLE = YES;
				IPHONEOS_DEPLOYMENT_TARGET = 9.1;
				MTL_ENABLE_DEBUG_INFO = YES;
				ONLY_ACTIVE_ARCH = YES;
				SDKROOT = iphoneos;
				SWIFT_ACTIVE_COMPILATION_CONDITIONS = DEBUG;
				SWIFT_OPTIMIZATION_LEVEL = "-Onone";
			};
			name = Debug;
		};
		CECC12191EC0A95100BC2556 /* Release */ = {
			isa = XCBuildConfiguration;
			buildSettings = {
				ALWAYS_SEARCH_USER_PATHS = NO;
				CLANG_ANALYZER_NONNULL = YES;
				CLANG_ANALYZER_NUMBER_OBJECT_CONVERSION = YES_AGGRESSIVE;
				CLANG_CXX_LANGUAGE_STANDARD = "gnu++0x";
				CLANG_CXX_LIBRARY = "libc++";
				CLANG_ENABLE_MODULES = YES;
				CLANG_ENABLE_OBJC_ARC = YES;
				CLANG_WARN_BOOL_CONVERSION = YES;
				CLANG_WARN_CONSTANT_CONVERSION = YES;
				CLANG_WARN_DIRECT_OBJC_ISA_USAGE = YES_ERROR;
				CLANG_WARN_DOCUMENTATION_COMMENTS = YES;
				CLANG_WARN_EMPTY_BODY = YES;
				CLANG_WARN_ENUM_CONVERSION = YES;
				CLANG_WARN_INFINITE_RECURSION = YES;
				CLANG_WARN_INT_CONVERSION = YES;
				CLANG_WARN_OBJC_ROOT_CLASS = YES_ERROR;
				CLANG_WARN_SUSPICIOUS_MOVE = YES;
				CLANG_WARN_UNREACHABLE_CODE = YES;
				CLANG_WARN__DUPLICATE_METHOD_MATCH = YES;
				"CODE_SIGN_IDENTITY[sdk=iphoneos*]" = "iPhone Developer";
				COPY_PHASE_STRIP = NO;
				DEBUG_INFORMATION_FORMAT = "dwarf-with-dsym";
				ENABLE_NS_ASSERTIONS = NO;
				ENABLE_STRICT_OBJC_MSGSEND = YES;
				GCC_C_LANGUAGE_STANDARD = gnu99;
				GCC_NO_COMMON_BLOCKS = YES;
				GCC_WARN_64_TO_32_BIT_CONVERSION = YES;
				GCC_WARN_ABOUT_RETURN_TYPE = YES_ERROR;
				GCC_WARN_UNDECLARED_SELECTOR = YES;
				GCC_WARN_UNINITIALIZED_AUTOS = YES_AGGRESSIVE;
				GCC_WARN_UNUSED_FUNCTION = YES;
				GCC_WARN_UNUSED_VARIABLE = YES;
				IPHONEOS_DEPLOYMENT_TARGET = 9.1;
				MTL_ENABLE_DEBUG_INFO = NO;
				SDKROOT = iphoneos;
				SWIFT_OPTIMIZATION_LEVEL = "-Owholemodule";
				VALIDATE_PRODUCT = YES;
			};
			name = Release;
		};
		CECC121B1EC0A95100BC2556 /* Debug */ = {
			isa = XCBuildConfiguration;
			baseConfigurationReference = DE42778C8B306481AE7A4272 /* Pods-e190.debug.xcconfig */;
			buildSettings = {
				ASSETCATALOG_COMPILER_APPICON_NAME = AppIcon;
				DEVELOPMENT_TEAM = LK6M6GLJ39;
				INFOPLIST_FILE = e190/Info.plist;
				LD_RUNPATH_SEARCH_PATHS = "$(inherited) @executable_path/Frameworks";
				PRODUCT_BUNDLE_IDENTIFIER = br.com.gntec.e190.e190;
				PRODUCT_NAME = "$(TARGET_NAME)";
				SWIFT_VERSION = 3.0;
			};
			name = Debug;
		};
		CECC121C1EC0A95100BC2556 /* Release */ = {
			isa = XCBuildConfiguration;
			baseConfigurationReference = 2E70F6ADB0C06A04E81A0B40 /* Pods-e190.release.xcconfig */;
			buildSettings = {
				ASSETCATALOG_COMPILER_APPICON_NAME = AppIcon;
				DEVELOPMENT_TEAM = LK6M6GLJ39;
				INFOPLIST_FILE = e190/Info.plist;
				LD_RUNPATH_SEARCH_PATHS = "$(inherited) @executable_path/Frameworks";
				PRODUCT_BUNDLE_IDENTIFIER = br.com.gntec.e190.e190;
				PRODUCT_NAME = "$(TARGET_NAME)";
				SWIFT_VERSION = 3.0;
			};
			name = Release;
		};
/* End XCBuildConfiguration section */

/* Begin XCConfigurationList section */
		CECC12031EC0A95100BC2556 /* Build configuration list for PBXProject "e190" */ = {
			isa = XCConfigurationList;
			buildConfigurations = (
				CECC12181EC0A95100BC2556 /* Debug */,
				CECC12191EC0A95100BC2556 /* Release */,
			);
			defaultConfigurationIsVisible = 0;
			defaultConfigurationName = Debug;
		};
		CECC121A1EC0A95100BC2556 /* Build configuration list for PBXNativeTarget "e190" */ = {
			isa = XCConfigurationList;
			buildConfigurations = (
				CECC121B1EC0A95100BC2556 /* Debug */,
				CECC121C1EC0A95100BC2556 /* Release */,
			);
			defaultConfigurationIsVisible = 0;
			defaultConfigurationName = Debug;
		};
/* End XCConfigurationList section */
	};
	rootObject = CECC12001EC0A95100BC2556 /* Project object */;
}
